{
  "version": 4,
  "terraform_version": "1.12.2",
  "serial": 195,
  "lineage": "2d232241-0d5d-9c50-da90-07a9ff633baa",
  "outputs": {},
  "resources": [
    {
      "mode": "managed",
      "type": "google_project_service",
      "name": "required_apis",
      "provider": "provider[\"registry.terraform.io/hashicorp/google\"]",
      "instances": [
        {
          "index_key": "artifactregistry.googleapis.com",
          "schema_version": 0,
          "attributes": {
            "disable_dependent_services": null,
            "disable_on_destroy": false,
            "id": "deploy-lab1-sample/artifactregistry.googleapis.com",
            "project": "deploy-lab1-sample",
            "service": "artifactregistry.googleapis.com",
            "timeouts": null
          },
          "sensitive_attributes": [],
          "identity_schema_version": 0,
          "private": "eyJlMmJmYjczMC1lY2FhLTExZTYtOGY4OC0zNDM2M2JjN2M0YzAiOnsiY3JlYXRlIjoxMjAwMDAwMDAwMDAwLCJkZWxldGUiOjEyMDAwMDAwMDAwMDAsInJlYWQiOjYwMDAwMDAwMDAwMCwidXBkYXRlIjoxMjAwMDAwMDAwMDAwfX0="
        },
        {
          "index_key": "run.googleapis.com",
          "schema_version": 0,
          "attributes": {
            "disable_dependent_services": null,
            "disable_on_destroy": false,
            "id": "deploy-lab1-sample/run.googleapis.com",
            "project": "deploy-lab1-sample",
            "service": "run.googleapis.com",
            "timeouts": null
          },
          "sensitive_attributes": [],
          "identity_schema_version": 0,
          "private": "eyJlMmJmYjczMC1lY2FhLTExZTYtOGY4OC0zNDM2M2JjN2M0YzAiOnsiY3JlYXRlIjoxMjAwMDAwMDAwMDAwLCJkZWxldGUiOjEyMDAwMDAwMDAwMDAsInJlYWQiOjYwMDAwMDAwMDAwMCwidXBkYXRlIjoxMjAwMDAwMDAwMDAwfX0="
        },
        {
          "index_key": "secretmanager.googleapis.com",
          "schema_version": 0,
          "attributes": {
            "disable_dependent_services": null,
            "disable_on_destroy": false,
            "id": "deploy-lab1-sample/secretmanager.googleapis.com",
            "project": "deploy-lab1-sample",
            "service": "secretmanager.googleapis.com",
            "timeouts": null
          },
          "sensitive_attributes": [],
          "identity_schema_version": 0,
          "private": "eyJlMmJmYjczMC1lY2FhLTExZTYtOGY4OC0zNDM2M2JjN2M0YzAiOnsiY3JlYXRlIjoxMjAwMDAwMDAwMDAwLCJkZWxldGUiOjEyMDAwMDAwMDAwMDAsInJlYWQiOjYwMDAwMDAwMDAwMCwidXBkYXRlIjoxMjAwMDAwMDAwMDAwfX0="
        },
        {
          "index_key": "servicenetworking.googleapis.com",
          "schema_version": 0,
          "attributes": {
            "disable_dependent_services": null,
            "disable_on_destroy": false,
            "id": "deploy-lab1-sample/servicenetworking.googleapis.com",
            "project": "deploy-lab1-sample",
            "service": "servicenetworking.googleapis.com",
            "timeouts": null
          },
          "sensitive_attributes": [],
          "identity_schema_version": 0,
          "private": "eyJlMmJmYjczMC1lY2FhLTExZTYtOGY4OC0zNDM2M2JjN2M0YzAiOnsiY3JlYXRlIjoxMjAwMDAwMDAwMDAwLCJkZWxldGUiOjEyMDAwMDAwMDAwMDAsInJlYWQiOjYwMDAwMDAwMDAwMCwidXBkYXRlIjoxMjAwMDAwMDAwMDAwfX0="
        },
        {
          "index_key": "sqladmin.googleapis.com",
          "schema_version": 0,
          "attributes": {
            "disable_dependent_services": null,
            "disable_on_destroy": false,
            "id": "deploy-lab1-sample/sqladmin.googleapis.com",
            "project": "deploy-lab1-sample",
            "service": "sqladmin.googleapis.com",
            "timeouts": null
          },
          "sensitive_attributes": [],
          "identity_schema_version": 0,
          "private": "eyJlMmJmYjczMC1lY2FhLTExZTYtOGY4OC0zNDM2M2JjN2M0YzAiOnsiY3JlYXRlIjoxMjAwMDAwMDAwMDAwLCJkZWxldGUiOjEyMDAwMDAwMDAwMDAsInJlYWQiOjYwMDAwMDAwMDAwMCwidXBkYXRlIjoxMjAwMDAwMDAwMDAwfX0="
        },
        {
          "index_key": "vpcaccess.googleapis.com",
          "schema_version": 0,
          "attributes": {
            "disable_dependent_services": null,
            "disable_on_destroy": false,
            "id": "deploy-lab1-sample/vpcaccess.googleapis.com",
            "project": "deploy-lab1-sample",
            "service": "vpcaccess.googleapis.com",
            "timeouts": null
          },
          "sensitive_attributes": [],
          "identity_schema_version": 0,
          "private": "eyJlMmJmYjczMC1lY2FhLTExZTYtOGY4OC0zNDM2M2JjN2M0YzAiOnsiY3JlYXRlIjoxMjAwMDAwMDAwMDAwLCJkZWxldGUiOjEyMDAwMDAwMDAwMDAsInJlYWQiOjYwMDAwMDAwMDAwMCwidXBkYXRlIjoxMjAwMDAwMDAwMDAwfX0="
        }
      ]
    },
    {
      "module": "module.backend",
      "mode": "managed",
      "type": "google_cloud_run_service",
      "name": "backend",
      "provider": "provider[\"registry.terraform.io/hashicorp/google\"]",
      "instances": [
        {
          "schema_version": 2,
          "attributes": {
            "autogenerate_revision_name": false,
            "id": "locations/europe-central2/namespaces/deploy-lab1-sample/services/backend",
            "location": "europe-central2",
            "metadata": [
              {
                "annotations": {},
                "effective_annotations": {
                  "run.googleapis.com/ingress": "all",
                  "run.googleapis.com/ingress-status": "all",
                  "run.googleapis.com/operation-id": "edc75bfa-db80-4d5a-b19e-3c9b5b0ed6d9",
                  "run.googleapis.com/urls": "[\"https://backend-283374352371.europe-central2.run.app\",\"https://backend-mjljd5kbja-lm.a.run.app\"]",
                  "serving.knative.dev/creator": "yehoianvb0510@gmail.com",
                  "serving.knative.dev/lastModifier": "yehoianvb0510@gmail.com"
                },
                "effective_labels": {
                  "cloud.googleapis.com/location": "europe-central2"
                },
                "generation": 1,
                "labels": {},
                "namespace": "deploy-lab1-sample",
                "resource_version": "AAZC2g7pGVs",
                "self_link": "/apis/serving.knative.dev/v1/namespaces/283374352371/services/backend",
                "terraform_labels": {},
                "uid": "b8228545-941e-43e4-aa01-02941f82c5d2"
              }
            ],
            "name": "backend",
            "project": "deploy-lab1-sample",
            "status": [
              {
                "conditions": [
                  {
                    "message": "",
                    "reason": "",
                    "status": "True",
                    "type": "Ready"
                  },
                  {
                    "message": "",
                    "reason": "",
                    "status": "True",
                    "type": "ConfigurationsReady"
                  },
                  {
                    "message": "",
                    "reason": "",
                    "status": "True",
                    "type": "RoutesReady"
                  }
                ],
                "latest_created_revision_name": "backend-00001-vxw",
                "latest_ready_revision_name": "backend-00001-vxw",
                "observed_generation": 1,
                "traffic": [
                  {
                    "latest_revision": true,
                    "percent": 100,
                    "revision_name": "backend-00001-vxw",
                    "tag": "",
                    "url": ""
                  }
                ],
                "url": "https://backend-mjljd5kbja-lm.a.run.app"
              }
            ],
            "template": [
              {
                "metadata": [
                  {
                    "annotations": {
                      "autoscaling.knative.dev/maxScale": "20",
                      "run.googleapis.com/vpc-access-connector": "projects/deploy-lab1-sample/locations/europe-central2/connectors/vpc-connector",
                      "run.googleapis.com/vpc-access-egress": "private-ranges-only"
                    },
                    "generation": 0,
                    "labels": {
                      "run.googleapis.com/startupProbeType": "Default"
                    },
                    "name": "",
                    "namespace": "",
                    "resource_version": "",
                    "self_link": "",
                    "uid": ""
                  }
                ],
                "spec": [
                  {
                    "container_concurrency": 80,
                    "containers": [
                      {
                        "args": null,
                        "command": null,
                        "env": [
                          {
                            "name": "DB_HOST",
                            "value": "172.27.0.5",
                            "value_from": []
                          },
                          {
                            "name": "DB_NAME",
                            "value": "name_affiliation",
                            "value_from": []
                          },
                          {
                            "name": "DB_PASS",
                            "value": "dcEU78xIS",
                            "value_from": []
                          },
                          {
                            "name": "DB_PORT",
                            "value": "5432",
                            "value_from": []
                          },
                          {
                            "name": "DB_USER",
                            "value": "atmin",
                            "value_from": []
                          }
                        ],
                        "env_from": [],
                        "image": "europe-central2-docker.pkg.dev/deploy-lab1-sample/app-images/backend:latest",
                        "liveness_probe": [],
                        "name": "",
                        "ports": [
                          {
                            "container_port": 8080,
                            "name": "http1",
                            "protocol": ""
                          }
                        ],
                        "resources": [
                          {
                            "limits": {
                              "cpu": "1000m",
                              "memory": "512Mi"
                            },
                            "requests": {}
                          }
                        ],
                        "startup_probe": [
                          {
                            "failure_threshold": 1,
                            "grpc": [],
                            "http_get": [],
                            "initial_delay_seconds": 0,
                            "period_seconds": 240,
                            "tcp_socket": [
                              {
                                "port": 8080
                              }
                            ],
                            "timeout_seconds": 240
                          }
                        ],
                        "volume_mounts": [],
                        "working_dir": ""
                      }
                    ],
                    "service_account_name": "283374352371-compute@developer.gserviceaccount.com",
                    "serving_state": "",
                    "timeout_seconds": 300,
                    "volumes": []
                  }
                ]
              }
            ],
            "timeouts": null,
            "traffic": [
              {
                "latest_revision": true,
                "percent": 100,
                "revision_name": "",
                "tag": "",
                "url": ""
              }
            ]
          },
          "sensitive_attributes": [
            [
              {
                "type": "get_attr",
                "value": "template"
              },
              {
                "type": "index",
                "value": {
                  "value": 0,
                  "type": "number"
                }
              },
              {
                "type": "get_attr",
                "value": "spec"
              },
              {
                "type": "index",
                "value": {
                  "value": 0,
                  "type": "number"
                }
              },
              {
                "type": "get_attr",
                "value": "containers"
              },
              {
                "type": "index",
                "value": {
                  "value": 0,
                  "type": "number"
                }
              },
              {
                "type": "get_attr",
                "value": "env"
              }
            ]
          ],
          "identity_schema_version": 0,
          "private": "eyJlMmJmYjczMC1lY2FhLTExZTYtOGY4OC0zNDM2M2JjN2M0YzAiOnsiY3JlYXRlIjoxMjAwMDAwMDAwMDAwLCJkZWxldGUiOjEyMDAwMDAwMDAwMDAsInVwZGF0ZSI6MTIwMDAwMDAwMDAwMH0sInNjaGVtYV92ZXJzaW9uIjoiMiJ9",
          "dependencies": [
            "google_project_service.required_apis",
            "module.network.google_artifact_registry_repository.docker_repo",
            "module.network.google_compute_global_address.private_ip_address",
            "module.network.google_compute_network.private_network",
            "module.network.google_compute_subnetwork.private_subnet",
            "module.network.google_service_networking_connection.private_vpc_connection",
            "module.network.google_vpc_access_connector.connector",
            "module.storage.google_secret_manager_secret.db_password",
            "module.storage.google_secret_manager_secret_version.db_password_version",
            "module.storage.google_sql_database.database",
            "module.storage.google_sql_database_instance.db",
            "module.storage.google_sql_user.db_user",
            "module.storage.null_resource.init_db_table"
          ]
        }
      ]
    },
    {
      "module": "module.backend",
      "mode": "managed",
      "type": "google_cloud_run_service_iam_member",
      "name": "backend_invoker",
      "provider": "provider[\"registry.terraform.io/hashicorp/google\"]",
      "instances": [
        {
          "schema_version": 0,
          "attributes": {
            "condition": [],
            "etag": "BwZC2g8Oe0I=",
            "id": "v1/projects/deploy-lab1-sample/locations/europe-central2/services/backend/roles/run.invoker/allUsers",
            "location": "europe-central2",
            "member": "allUsers",
            "project": "deploy-lab1-sample",
            "role": "roles/run.invoker",
            "service": "v1/projects/deploy-lab1-sample/locations/europe-central2/services/backend"
          },
          "sensitive_attributes": [],
          "identity_schema_version": 0,
          "private": "bnVsbA==",
          "dependencies": [
            "google_project_service.required_apis",
            "module.backend.google_cloud_run_service.backend",
            "module.network.google_artifact_registry_repository.docker_repo",
            "module.network.google_compute_global_address.private_ip_address",
            "module.network.google_compute_network.private_network",
            "module.network.google_compute_subnetwork.private_subnet",
            "module.network.google_service_networking_connection.private_vpc_connection",
            "module.network.google_vpc_access_connector.connector",
            "module.storage.google_secret_manager_secret.db_password",
            "module.storage.google_secret_manager_secret_version.db_password_version",
            "module.storage.google_sql_database.database",
            "module.storage.google_sql_database_instance.db",
            "module.storage.google_sql_user.db_user",
            "module.storage.null_resource.init_db_table"
          ]
        }
      ]
    },
    {
      "module": "module.frontend",
      "mode": "managed",
      "type": "google_cloud_run_v2_service",
      "name": "frontend",
      "provider": "provider[\"registry.terraform.io/hashicorp/google\"]",
      "instances": [
        {
          "schema_version": 0,
          "attributes": {
            "annotations": {},
            "binary_authorization": [],
            "client": "",
            "client_version": "",
            "conditions": [
              {
                "execution_reason": "",
                "last_transition_time": "2025-11-05T13:58:23.589820Z",
                "message": "",
                "reason": "",
                "revision_reason": "",
                "severity": "",
                "state": "CONDITION_SUCCEEDED",
                "type": "RoutesReady"
              },
              {
                "execution_reason": "",
                "last_transition_time": "2025-11-05T13:58:15.800380Z",
                "message": "",
                "reason": "",
                "revision_reason": "",
                "severity": "",
                "state": "CONDITION_SUCCEEDED",
                "type": "ConfigurationsReady"
              }
            ],
            "create_time": "2025-11-05T13:58:13.900397Z",
            "creator": "yehoianvb0510@gmail.com",
            "custom_audiences": [],
            "delete_time": "",
            "description": "",
            "effective_annotations": {},
            "effective_labels": {},
            "etag": "\"CPWvrcgGEMjvq60D/cHJvamVjdHMvZGVwbG95LWxhYjEtc2FtcGxlL2xvY2F0aW9ucy9ldXJvcGUtY2VudHJhbDIvc2VydmljZXMvZnJvbnRlbmQtc2VydmljZQ\"",
            "expire_time": "",
            "generation": "1",
            "id": "projects/deploy-lab1-sample/locations/europe-central2/services/frontend-service",
            "ingress": "INGRESS_TRAFFIC_ALL",
            "labels": {},
            "last_modifier": "yehoianvb0510@gmail.com",
            "latest_created_revision": "projects/deploy-lab1-sample/locations/europe-central2/services/frontend-service/revisions/frontend-service-00001-tpf",
            "latest_ready_revision": "projects/deploy-lab1-sample/locations/europe-central2/services/frontend-service/revisions/frontend-service-00001-tpf",
            "launch_stage": "GA",
            "location": "europe-central2",
            "name": "frontend-service",
            "observed_generation": "1",
            "project": "deploy-lab1-sample",
            "reconciling": false,
            "template": [
              {
                "annotations": {},
                "containers": [
                  {
                    "args": [],
                    "command": [],
                    "depends_on": [],
                    "env": [
                      {
                        "name": "BACKEND_HOST",
                        "value": "https://backend-mjljd5kbja-lm.a.run.app",
                        "value_source": []
                      }
                    ],
                    "image": "europe-central2-docker.pkg.dev/deploy-lab1-sample/app-images/frontend:latest",
                    "liveness_probe": [],
                    "name": "",
                    "ports": [
                      {
                        "container_port": 8080,
                        "name": "http1"
                      }
                    ],
                    "resources": [
                      {
                        "cpu_idle": false,
                        "limits": {
                          "cpu": "1",
                          "memory": "512Mi"
                        },
                        "startup_cpu_boost": false
                      }
                    ],
                    "startup_probe": [
                      {
                        "failure_threshold": 10,
                        "grpc": [],
                        "http_get": [
                          {
                            "http_headers": [],
                            "path": "/health",
                            "port": 8080
                          }
                        ],
                        "initial_delay_seconds": 5,
                        "period_seconds": 3,
                        "tcp_socket": [],
                        "timeout_seconds": 2
                      }
                    ],
                    "volume_mounts": [],
                    "working_dir": ""
                  }
                ],
                "encryption_key": "",
                "execution_environment": "",
                "labels": {},
                "max_instance_request_concurrency": 80,
                "revision": "",
                "scaling": [
                  {
                    "max_instance_count": 10,
                    "min_instance_count": 0
                  }
                ],
                "service_account": "frontend-cloudrun-sa@deploy-lab1-sample.iam.gserviceaccount.com",
                "session_affinity": false,
                "timeout": "300s",
                "volumes": [],
                "vpc_access": []
              }
            ],
            "terminal_condition": [
              {
                "execution_reason": "",
                "last_transition_time": "2025-11-05T13:58:23.619204Z",
                "message": "",
                "reason": "",
                "revision_reason": "",
                "severity": "",
                "state": "CONDITION_SUCCEEDED",
                "type": "Ready"
              }
            ],
            "terraform_labels": {},
            "timeouts": null,
            "traffic": [
              {
                "percent": 100,
                "revision": "",
                "tag": "",
                "type": "TRAFFIC_TARGET_ALLOCATION_TYPE_LATEST"
              }
            ],
            "traffic_statuses": [
              {
                "percent": 100,
                "revision": "",
                "tag": "",
                "type": "TRAFFIC_TARGET_ALLOCATION_TYPE_LATEST",
                "uri": ""
              }
            ],
            "uid": "b4f79e3f-a440-4e3b-82b4-6cbb80d4eed4",
            "update_time": "2025-11-05T13:58:13.900397Z",
            "uri": "https://frontend-service-mjljd5kbja-lm.a.run.app"
          },
          "sensitive_attributes": [],
          "identity_schema_version": 0,
          "private": "eyJlMmJmYjczMC1lY2FhLTExZTYtOGY4OC0zNDM2M2JjN2M0YzAiOnsiY3JlYXRlIjoxMjAwMDAwMDAwMDAwLCJkZWxldGUiOjEyMDAwMDAwMDAwMDAsInVwZGF0ZSI6MTIwMDAwMDAwMDAwMH19",
          "dependencies": [
            "google_project_service.required_apis",
            "module.backend.google_cloud_run_service.backend",
            "module.backend.google_cloud_run_service_iam_member.backend_invoker",
            "module.frontend.google_service_account.frontend_sa",
            "module.network.google_artifact_registry_repository.docker_repo",
            "module.network.google_compute_global_address.private_ip_address",
            "module.network.google_compute_network.private_network",
            "module.network.google_compute_subnetwork.private_subnet",
            "module.network.google_service_networking_connection.private_vpc_connection",
            "module.network.google_vpc_access_connector.connector",
            "module.storage.google_secret_manager_secret.db_password",
            "module.storage.google_secret_manager_secret_version.db_password_version",
            "module.storage.google_sql_database.database",
            "module.storage.google_sql_database_instance.db",
            "module.storage.google_sql_user.db_user",
            "module.storage.null_resource.init_db_table"
          ]
        }
      ]
    },
    {
      "module": "module.frontend",
      "mode": "managed",
      "type": "google_cloud_run_v2_service_iam_member",
      "name": "frontend_public",
      "provider": "provider[\"registry.terraform.io/hashicorp/google\"]",
      "instances": [
        {
          "schema_version": 0,
          "attributes": {
            "condition": [],
            "etag": "BwZC2VeV+O0=",
            "id": "projects/deploy-lab1-sample/locations/europe-central2/services/frontend-service/roles/run.invoker/allUsers",
            "location": "europe-central2",
            "member": "allUsers",
            "name": "projects/deploy-lab1-sample/locations/europe-central2/services/frontend-service",
            "project": "deploy-lab1-sample",
            "role": "roles/run.invoker"
          },
          "sensitive_attributes": [],
          "identity_schema_version": 0,
          "private": "bnVsbA==",
          "dependencies": [
            "google_project_service.required_apis",
            "module.backend.google_cloud_run_service.backend",
            "module.backend.google_cloud_run_service_iam_member.backend_invoker",
            "module.frontend.google_cloud_run_v2_service.frontend",
            "module.frontend.google_service_account.frontend_sa",
            "module.network.google_artifact_registry_repository.docker_repo",
            "module.network.google_compute_global_address.private_ip_address",
            "module.network.google_compute_network.private_network",
            "module.network.google_compute_subnetwork.private_subnet",
            "module.network.google_service_networking_connection.private_vpc_connection",
            "module.network.google_vpc_access_connector.connector",
            "module.storage.google_secret_manager_secret.db_password",
            "module.storage.google_secret_manager_secret_version.db_password_version",
            "module.storage.google_sql_database.database",
            "module.storage.google_sql_database_instance.db",
            "module.storage.google_sql_user.db_user",
            "module.storage.null_resource.init_db_table"
          ]
        }
      ]
    },
    {
      "module": "module.frontend",
      "mode": "managed",
      "type": "google_service_account",
      "name": "frontend_sa",
      "provider": "provider[\"registry.terraform.io/hashicorp/google\"]",
      "instances": [
        {
          "schema_version": 0,
          "attributes": {
            "account_id": "frontend-cloudrun-sa",
            "create_ignore_already_exists": null,
            "description": "",
            "disabled": false,
            "display_name": "Frontend Cloud Run Service Account",
            "email": "frontend-cloudrun-sa@deploy-lab1-sample.iam.gserviceaccount.com",
            "id": "projects/deploy-lab1-sample/serviceAccounts/frontend-cloudrun-sa@deploy-lab1-sample.iam.gserviceaccount.com",
            "member": "serviceAccount:frontend-cloudrun-sa@deploy-lab1-sample.iam.gserviceaccount.com",
            "name": "projects/deploy-lab1-sample/serviceAccounts/frontend-cloudrun-sa@deploy-lab1-sample.iam.gserviceaccount.com",
            "project": "deploy-lab1-sample",
            "timeouts": null,
            "unique_id": "108350619905587845941"
          },
          "sensitive_attributes": [],
          "identity_schema_version": 0,
          "private": "eyJlMmJmYjczMC1lY2FhLTExZTYtOGY4OC0zNDM2M2JjN2M0YzAiOnsiY3JlYXRlIjozMDAwMDAwMDAwMDB9fQ==",
          "dependencies": [
            "google_project_service.required_apis",
            "module.backend.google_cloud_run_service.backend",
            "module.backend.google_cloud_run_service_iam_member.backend_invoker",
            "module.network.google_artifact_registry_repository.docker_repo",
            "module.network.google_compute_global_address.private_ip_address",
            "module.network.google_compute_network.private_network",
            "module.network.google_compute_subnetwork.private_subnet",
            "module.network.google_service_networking_connection.private_vpc_connection",
            "module.network.google_vpc_access_connector.connector",
            "module.storage.google_secret_manager_secret.db_password",
            "module.storage.google_secret_manager_secret_version.db_password_version",
            "module.storage.google_sql_database.database",
            "module.storage.google_sql_database_instance.db",
            "module.storage.google_sql_user.db_user",
            "module.storage.null_resource.init_db_table"
          ]
        }
      ]
    },
    {
      "module": "module.network",
      "mode": "managed",
      "type": "google_artifact_registry_repository",
      "name": "docker_repo",
      "provider": "provider[\"registry.terraform.io/hashicorp/google\"]",
      "instances": [
        {
          "schema_version": 0,
          "attributes": {
            "cleanup_policies": [],
            "cleanup_policy_dry_run": false,
            "create_time": "2025-11-05T13:09:50.121238Z",
            "description": "Docker repository for application images",
            "docker_config": [],
            "effective_labels": {},
            "format": "DOCKER",
            "id": "projects/deploy-lab1-sample/locations/europe-central2/repositories/app-images",
            "kms_key_name": "",
            "labels": {},
            "location": "europe-central2",
            "maven_config": [],
            "mode": "STANDARD_REPOSITORY",
            "name": "app-images",
            "project": "deploy-lab1-sample",
            "remote_repository_config": [],
            "repository_id": "app-images",
            "terraform_labels": {},
            "timeouts": null,
            "update_time": "2025-11-05T14:47:59.380153Z",
            "virtual_repository_config": []
          },
          "sensitive_attributes": [],
          "identity_schema_version": 0,
          "private": "eyJlMmJmYjczMC1lY2FhLTExZTYtOGY4OC0zNDM2M2JjN2M0YzAiOnsiY3JlYXRlIjoxMjAwMDAwMDAwMDAwLCJkZWxldGUiOjEyMDAwMDAwMDAwMDAsInVwZGF0ZSI6MTIwMDAwMDAwMDAwMH19",
          "dependencies": [
            "google_project_service.required_apis"
          ]
        }
      ]
    },
    {
      "module": "module.network",
      "mode": "managed",
      "type": "google_compute_global_address",
      "name": "private_ip_address",
      "provider": "provider[\"registry.terraform.io/hashicorp/google\"]",
      "instances": [
        {
          "schema_version": 0,
          "attributes": {
            "address": "172.27.0.0",
            "address_type": "INTERNAL",
            "creation_timestamp": "2025-11-05T01:52:39.999-08:00",
            "description": "",
            "effective_labels": {},
            "id": "projects/deploy-lab1-sample/global/addresses/private-ip-address",
            "ip_version": "",
            "label_fingerprint": "42WmSpB8rSM=",
            "labels": {},
            "name": "private-ip-address",
            "network": "https://www.googleapis.com/compute/v1/projects/deploy-lab1-sample/global/networks/private-network",
            "prefix_length": 16,
            "project": "deploy-lab1-sample",
            "purpose": "VPC_PEERING",
            "self_link": "https://www.googleapis.com/compute/v1/projects/deploy-lab1-sample/global/addresses/private-ip-address",
            "terraform_labels": {},
            "timeouts": null
          },
          "sensitive_attributes": [],
          "identity_schema_version": 0,
          "private": "eyJlMmJmYjczMC1lY2FhLTExZTYtOGY4OC0zNDM2M2JjN2M0YzAiOnsiY3JlYXRlIjoxMjAwMDAwMDAwMDAwLCJkZWxldGUiOjEyMDAwMDAwMDAwMDAsInVwZGF0ZSI6MTIwMDAwMDAwMDAwMH19",
          "dependencies": [
            "google_project_service.required_apis",
            "module.network.google_compute_network.private_network"
          ]
        }
      ]
    },
    {
      "module": "module.network",
      "mode": "managed",
      "type": "google_compute_network",
      "name": "private_network",
      "provider": "provider[\"registry.terraform.io/hashicorp/google\"]",
      "instances": [
        {
          "schema_version": 0,
          "attributes": {
            "auto_create_subnetworks": false,
            "delete_default_routes_on_create": false,
            "description": "",
            "enable_ula_internal_ipv6": false,
            "gateway_ipv4": "",
            "id": "projects/deploy-lab1-sample/global/networks/private-network",
            "internal_ipv6_range": "",
            "mtu": 0,
            "name": "private-network",
            "network_firewall_policy_enforcement_order": "AFTER_CLASSIC_FIREWALL",
            "numeric_id": "4980498097326432446",
            "project": "deploy-lab1-sample",
            "routing_mode": "REGIONAL",
            "self_link": "https://www.googleapis.com/compute/v1/projects/deploy-lab1-sample/global/networks/private-network",
            "timeouts": null
          },
          "sensitive_attributes": [],
          "identity_schema_version": 0,
          "private": "eyJlMmJmYjczMC1lY2FhLTExZTYtOGY4OC0zNDM2M2JjN2M0YzAiOnsiY3JlYXRlIjoxMjAwMDAwMDAwMDAwLCJkZWxldGUiOjEyMDAwMDAwMDAwMDAsInVwZGF0ZSI6MTIwMDAwMDAwMDAwMH19",
          "dependencies": [
            "google_project_service.required_apis"
          ]
        }
      ]
    },
    {
      "module": "module.network",
      "mode": "managed",
      "type": "google_compute_subnetwork",
      "name": "private_subnet",
      "provider": "provider[\"registry.terraform.io/hashicorp/google\"]",
      "instances": [
        {
          "schema_version": 0,
          "attributes": {
            "creation_timestamp": "2025-11-05T05:09:50.262-08:00",
            "description": "",
            "external_ipv6_prefix": "",
            "fingerprint": null,
            "gateway_address": "10.0.0.1",
            "id": "projects/deploy-lab1-sample/regions/europe-central2/subnetworks/private-subnet",
            "internal_ipv6_prefix": "",
            "ip_cidr_range": "10.0.0.0/24",
            "ipv6_access_type": "",
            "ipv6_cidr_range": "",
            "log_config": [],
            "name": "private-subnet",
            "network": "https://www.googleapis.com/compute/v1/projects/deploy-lab1-sample/global/networks/private-network",
            "private_ip_google_access": false,
            "private_ipv6_google_access": "DISABLE_GOOGLE_ACCESS",
            "project": "deploy-lab1-sample",
            "purpose": "PRIVATE",
            "region": "europe-central2",
            "role": "",
            "secondary_ip_range": [],
            "self_link": "https://www.googleapis.com/compute/v1/projects/deploy-lab1-sample/regions/europe-central2/subnetworks/private-subnet",
            "send_secondary_ip_range_if_empty": null,
            "stack_type": "IPV4_ONLY",
            "timeouts": null
          },
          "sensitive_attributes": [],
          "identity_schema_version": 0,
          "private": "eyJlMmJmYjczMC1lY2FhLTExZTYtOGY4OC0zNDM2M2JjN2M0YzAiOnsiY3JlYXRlIjoxMjAwMDAwMDAwMDAwLCJkZWxldGUiOjEyMDAwMDAwMDAwMDAsInVwZGF0ZSI6MTIwMDAwMDAwMDAwMH19",
          "dependencies": [
            "google_project_service.required_apis",
            "module.network.google_compute_network.private_network"
          ]
        }
      ]
    },
    {
      "module": "module.network",
      "mode": "managed",
      "type": "google_service_networking_connection",
      "name": "private_vpc_connection",
      "provider": "provider[\"registry.terraform.io/hashicorp/google\"]",
      "instances": [
        {
          "schema_version": 0,
          "attributes": {
            "deletion_policy": null,
            "id": "projects%2Fdeploy-lab1-sample%2Fglobal%2Fnetworks%2Fprivate-network:servicenetworking.googleapis.com",
            "network": "projects/deploy-lab1-sample/global/networks/private-network",
            "peering": "servicenetworking-googleapis-com",
            "reserved_peering_ranges": [
              "private-ip-address"
            ],
            "service": "servicenetworking.googleapis.com",
            "timeouts": null,
            "update_on_creation_fail": null
          },
          "sensitive_attributes": [],
          "identity_schema_version": 0,
          "private": "eyJlMmJmYjczMC1lY2FhLTExZTYtOGY4OC0zNDM2M2JjN2M0YzAiOnsiY3JlYXRlIjo2MDAwMDAwMDAwMDAsImRlbGV0ZSI6NjAwMDAwMDAwMDAwLCJ1cGRhdGUiOjYwMDAwMDAwMDAwMH19",
          "dependencies": [
            "google_project_service.required_apis",
            "module.network.google_compute_global_address.private_ip_address",
            "module.network.google_compute_network.private_network"
          ]
        }
      ]
    },
    {
      "module": "module.network",
      "mode": "managed",
      "type": "google_vpc_access_connector",
      "name": "connector",
      "provider": "provider[\"registry.terraform.io/hashicorp/google\"]",
      "instances": [
        {
          "schema_version": 0,
          "attributes": {
            "connected_projects": [
              "deploy-lab1-sample"
            ],
            "id": "projects/deploy-lab1-sample/locations/europe-central2/connectors/vpc-connector",
            "ip_cidr_range": "10.8.0.0/28",
            "machine_type": "e2-micro",
            "max_instances": 3,
            "max_throughput": 300,
            "min_instances": 2,
            "min_throughput": 200,
            "name": "vpc-connector",
            "network": "private-network",
            "project": "deploy-lab1-sample",
            "region": "europe-central2",
            "self_link": "projects/deploy-lab1-sample/locations/europe-central2/connectors/vpc-connector",
            "state": "READY",
            "subnet": [],
            "timeouts": null
          },
          "sensitive_attributes": [],
          "identity_schema_version": 0,
          "private": "eyJlMmJmYjczMC1lY2FhLTExZTYtOGY4OC0zNDM2M2JjN2M0YzAiOnsiY3JlYXRlIjoxMjAwMDAwMDAwMDAwLCJkZWxldGUiOjEyMDAwMDAwMDAwMDB9fQ==",
          "dependencies": [
            "google_project_service.required_apis",
            "module.network.google_compute_network.private_network"
          ]
        }
      ]
    },
    {
      "module": "module.storage",
      "mode": "managed",
      "type": "google_secret_manager_secret",
      "name": "db_password",
      "provider": "provider[\"registry.terraform.io/hashicorp/google\"]",
      "instances": [
        {
          "schema_version": 0,
          "attributes": {
            "annotations": {},
            "create_time": "2025-11-05T13:56:32.270559Z",
            "effective_annotations": {},
            "effective_labels": {},
            "expire_time": "",
            "id": "projects/deploy-lab1-sample/secrets/db-password",
            "labels": {},
            "name": "projects/283374352371/secrets/db-password",
            "project": "deploy-lab1-sample",
            "replication": [
              {
                "auto": [
                  {
                    "customer_managed_encryption": []
                  }
                ],
                "user_managed": []
              }
            ],
            "rotation": [],
            "secret_id": "db-password",
            "terraform_labels": {},
            "timeouts": null,
            "topics": [],
            "ttl": null,
            "version_aliases": {},
            "version_destroy_ttl": ""
          },
          "sensitive_attributes": [],
          "identity_schema_version": 0,
          "private": "eyJlMmJmYjczMC1lY2FhLTExZTYtOGY4OC0zNDM2M2JjN2M0YzAiOnsiY3JlYXRlIjoxMjAwMDAwMDAwMDAwLCJkZWxldGUiOjEyMDAwMDAwMDAwMDAsInVwZGF0ZSI6MTIwMDAwMDAwMDAwMH19",
          "dependencies": [
            "google_project_service.required_apis",
            "module.network.google_artifact_registry_repository.docker_repo",
            "module.network.google_compute_global_address.private_ip_address",
            "module.network.google_compute_network.private_network",
            "module.network.google_compute_subnetwork.private_subnet",
            "module.network.google_service_networking_connection.private_vpc_connection",
            "module.network.google_vpc_access_connector.connector"
          ]
        }
      ]
    },
    {
      "module": "module.storage",
      "mode": "managed",
      "type": "google_secret_manager_secret_version",
      "name": "db_password_version",
      "provider": "provider[\"registry.terraform.io/hashicorp/google\"]",
      "instances": [
        {
          "schema_version": 0,
          "attributes": {
            "create_time": "2025-11-05T13:56:34.933500Z",
            "deletion_policy": "DELETE",
            "destroy_time": "",
            "enabled": true,
            "id": "projects/283374352371/secrets/db-password/versions/1",
            "is_secret_data_base64": false,
            "name": "projects/283374352371/secrets/db-password/versions/1",
            "secret": "projects/deploy-lab1-sample/secrets/db-password",
            "secret_data": "dcEU78xIS",
            "timeouts": null,
            "version": "1"
          },
          "sensitive_attributes": [
            [
              {
                "type": "get_attr",
                "value": "secret_data"
              }
            ]
          ],
          "identity_schema_version": 0,
          "private": "eyJlMmJmYjczMC1lY2FhLTExZTYtOGY4OC0zNDM2M2JjN2M0YzAiOnsiY3JlYXRlIjoxMjAwMDAwMDAwMDAwLCJkZWxldGUiOjEyMDAwMDAwMDAwMDAsInVwZGF0ZSI6MTIwMDAwMDAwMDAwMH19",
          "dependencies": [
            "google_project_service.required_apis",
            "module.network.google_artifact_registry_repository.docker_repo",
            "module.network.google_compute_global_address.private_ip_address",
            "module.network.google_compute_network.private_network",
            "module.network.google_compute_subnetwork.private_subnet",
            "module.network.google_service_networking_connection.private_vpc_connection",
            "module.network.google_vpc_access_connector.connector",
            "module.storage.google_secret_manager_secret.db_password"
          ]
        }
      ]
    },
    {
      "module": "module.storage",
      "mode": "managed",
      "type": "google_sql_database",
      "name": "database",
      "provider": "provider[\"registry.terraform.io/hashicorp/google\"]",
      "instances": [
        {
          "schema_version": 0,
          "attributes": {
            "charset": "UTF8",
            "collation": "en_US.UTF8",
            "deletion_policy": "DELETE",
            "id": "projects/deploy-lab1-sample/instances/main-instance/databases/name_affiliation",
            "instance": "main-instance",
            "name": "name_affiliation",
            "project": "deploy-lab1-sample",
            "self_link": "https://sqladmin.googleapis.com/sql/v1beta4/projects/deploy-lab1-sample/instances/main-instance/databases/name_affiliation",
            "timeouts": null
          },
          "sensitive_attributes": [],
          "identity_schema_version": 0,
          "private": "eyJlMmJmYjczMC1lY2FhLTExZTYtOGY4OC0zNDM2M2JjN2M0YzAiOnsiY3JlYXRlIjoxMjAwMDAwMDAwMDAwLCJkZWxldGUiOjEyMDAwMDAwMDAwMDAsInVwZGF0ZSI6MTIwMDAwMDAwMDAwMH19",
          "dependencies": [
            "google_project_service.required_apis",
            "module.network.google_artifact_registry_repository.docker_repo",
            "module.network.google_compute_global_address.private_ip_address",
            "module.network.google_compute_network.private_network",
            "module.network.google_compute_subnetwork.private_subnet",
            "module.network.google_service_networking_connection.private_vpc_connection",
            "module.network.google_vpc_access_connector.connector",
            "module.storage.google_sql_database_instance.db"
          ]
        }
      ]
    },
    {
      "module": "module.storage",
      "mode": "managed",
      "type": "google_sql_database_instance",
      "name": "db",
      "provider": "provider[\"registry.terraform.io/hashicorp/google\"]",
      "instances": [
        {
          "schema_version": 0,
          "attributes": {
            "available_maintenance_versions": [],
            "clone": [],
            "connection_name": "deploy-lab1-sample:europe-central2:main-instance",
            "database_version": "POSTGRES_15",
            "deletion_protection": false,
            "dns_name": "",
            "encryption_key_name": null,
            "first_ip_address": "172.27.0.5",
            "id": "main-instance",
            "instance_type": "CLOUD_SQL_INSTANCE",
            "ip_address": [
              {
                "ip_address": "172.27.0.5",
                "time_to_retire": "",
                "type": "PRIVATE"
              }
            ],
            "maintenance_version": "POSTGRES_15_14.R20251004.01_07",
            "master_instance_name": "",
            "name": "main-instance",
            "private_ip_address": "172.27.0.5",
            "project": "deploy-lab1-sample",
            "psc_service_attachment_link": "",
            "public_ip_address": "",
            "region": "europe-central2",
            "replica_configuration": [],
            "restore_backup_context": [],
            "root_password": null,
            "self_link": "https://sqladmin.googleapis.com/sql/v1beta4/projects/deploy-lab1-sample/instances/main-instance",
            "server_ca_cert": [
              {
                "cert": "-----BEGIN CERTIFICATE-----\nMIIDfzCCAmegAwIBAgIBADANBgkqhkiG9w0BAQsFADB3MS0wKwYDVQQuEyRhZDVm\nMWYxMC05ZmNkLTRjYTktYTBiNy0zYWViMWYxNjI1ODkxIzAhBgNVBAMTGkdvb2ds\nZSBDbG91ZCBTUUwgU2VydmVyIENBMRQwEgYDVQQKEwtHb29nbGUsIEluYzELMAkG\nA1UEBhMCVVMwHhcNMjUxMTA1MTMxNDAxWhcNMzUxMTAzMTMxNTAxWjB3MS0wKwYD\nVQQuEyRhZDVmMWYxMC05ZmNkLTRjYTktYTBiNy0zYWViMWYxNjI1ODkxIzAhBgNV\nBAMTGkdvb2dsZSBDbG91ZCBTUUwgU2VydmVyIENBMRQwEgYDVQQKEwtHb29nbGUs\nIEluYzELMAkGA1UEBhMCVVMwggEiMA0GCSqGSIb3DQEBAQUAA4IBDwAwggEKAoIB\nAQCM1LddslflLJqdaSSBmVDfje0+kIn1ry1CbYbjC+sVdatxyIXJ0i5OtXes3paB\nsB4gUhoYe34pgd7noDDwJZh7Vlxqr6v6JJktHPfUB7uz4UnfWsBUlfR1QEIlfckB\nBA/JnamGIY9AVQyStArjqsMz5A4zgvC5ET9NvmOS/TVVDwYj4IjS8sPu6OA3ihj4\nBZeBQn8REXlLvTsasT5RsIl/2Tf/86Hx6T+giSRwdeJmiaygYq2Sx1hQWdlxacBc\nsD9rEHLrQUctRu0AHlNBcRgcCXOTjciIUTmLNVOfSSKpsWoxHtfRmScgkx9D9prg\ndL3E+k7Z4y5xmLmqQsyTbe0HAgMBAAGjFjAUMBIGA1UdEwEB/wQIMAYBAf8CAQAw\nDQYJKoZIhvcNAQELBQADggEBAINtxcspOUbgeCDhTF2W7gbu3IyP7Dj7shu6n6+p\nS0rtKfHlrLqhr8JQMhd80LfzfPeLAiUyc/SrLntenSoTaXgPU5D77TyUK6QIwCwI\nn3aejNcp782EQQGj8SoeEd17qQHEtVFKyDDAtrdpzogUAaZbvmeCbt+MgkU4+hJ1\ngzBrOQ5E+XveOFeICNlAn+skRnjzvBrQPHDAv2/bkbyftn+0CoVTDY7SwupRfDNq\n3/eTzIHqp3RUa6qx/wgNrCkTgNGQbh9pfwwBy+eJpfZgkuAWT8LvrAaOj+iA6VV/\n4wjEWODJxaOJOjQ0ze5oar6HXx5rSEC/z6MXmKme5ynzvy4=\n-----END CERTIFICATE-----",
                "common_name": "C=US,O=Google\\, Inc,CN=Google Cloud SQL Server CA,dnQualifier=ad5f1f10-9fcd-4ca9-a0b7-3aeb1f162589",
                "create_time": "2025-11-05T13:14:01.804Z",
                "expiration_time": "2035-11-03T13:15:01.804Z",
                "sha1_fingerprint": "7d03c7ea90a9cdef5c1c7114e97c1bf660700dec"
              }
            ],
            "service_account_email_address": "p283374352371-xf289u@gcp-sa-cloud-sql.iam.gserviceaccount.com",
            "settings": [
              {
                "activation_policy": "ALWAYS",
                "active_directory_config": [],
                "advanced_machine_features": [],
                "availability_type": "ZONAL",
                "backup_configuration": [
                  {
                    "backup_retention_settings": [
                      {
                        "retained_backups": 7,
                        "retention_unit": "COUNT"
                      }
                    ],
                    "binary_log_enabled": false,
                    "enabled": false,
                    "location": "",
                    "point_in_time_recovery_enabled": false,
                    "start_time": "09:00",
                    "transaction_log_retention_days": 7
                  }
                ],
                "collation": "",
                "connector_enforcement": "NOT_REQUIRED",
                "data_cache_config": [],
                "database_flags": [],
                "deletion_protection_enabled": false,
                "deny_maintenance_period": [],
                "disk_autoresize": true,
                "disk_autoresize_limit": 0,
                "disk_size": 10,
                "disk_type": "PD_SSD",
                "edition": "ENTERPRISE",
                "enable_dataplex_integration": false,
                "enable_google_ml_integration": false,
                "insights_config": [],
                "ip_configuration": [
                  {
                    "allocated_ip_range": "",
                    "authorized_networks": [],
                    "enable_private_path_for_google_cloud_services": false,
                    "ipv4_enabled": false,
                    "private_network": "projects/deploy-lab1-sample/global/networks/private-network",
                    "psc_config": [],
                    "require_ssl": false,
                    "server_ca_mode": "GOOGLE_MANAGED_INTERNAL_CA",
                    "ssl_mode": ""
                  }
                ],
                "location_preference": [
                  {
                    "follow_gae_application": "",
                    "secondary_zone": "",
                    "zone": "europe-central2-c"
                  }
                ],
                "maintenance_window": [],
                "password_validation_policy": [],
                "pricing_plan": "PER_USE",
                "sql_server_audit_config": [],
                "tier": "db-f1-micro",
                "time_zone": "",
                "user_labels": {},
                "version": 18
              }
            ],
            "timeouts": null
          },
          "sensitive_attributes": [
            [
              {
                "type": "get_attr",
                "value": "root_password"
              }
            ],
            [
              {
                "type": "get_attr",
                "value": "server_ca_cert"
              }
            ]
          ],
          "identity_schema_version": 0,
          "private": "eyJlMmJmYjczMC1lY2FhLTExZTYtOGY4OC0zNDM2M2JjN2M0YzAiOnsiY3JlYXRlIjo1NDAwMDAwMDAwMDAwLCJkZWxldGUiOjU0MDAwMDAwMDAwMDAsInVwZGF0ZSI6NTQwMDAwMDAwMDAwMH19",
          "dependencies": [
            "google_project_service.required_apis",
            "module.network.google_artifact_registry_repository.docker_repo",
            "module.network.google_compute_global_address.private_ip_address",
            "module.network.google_compute_network.private_network",
            "module.network.google_compute_subnetwork.private_subnet",
            "module.network.google_service_networking_connection.private_vpc_connection",
            "module.network.google_vpc_access_connector.connector"
          ]
        }
      ]
    },
    {
      "module": "module.storage",
      "mode": "managed",
      "type": "google_sql_user",
      "name": "db_user",
      "provider": "provider[\"registry.terraform.io/hashicorp/google\"]",
      "instances": [
        {
          "schema_version": 1,
          "attributes": {
            "deletion_policy": null,
            "host": "",
            "id": "atmin//main-instance",
            "instance": "main-instance",
            "name": "atmin",
            "password": "dcEU78xIS",
            "password_policy": [],
            "project": "deploy-lab1-sample",
            "sql_server_user_details": [],
            "timeouts": null,
            "type": ""
          },
          "sensitive_attributes": [
            [
              {
                "type": "get_attr",
                "value": "password"
              }
            ]
          ],
          "identity_schema_version": 0,
          "private": "eyJlMmJmYjczMC1lY2FhLTExZTYtOGY4OC0zNDM2M2JjN2M0YzAiOnsiY3JlYXRlIjo2MDAwMDAwMDAwMDAsImRlbGV0ZSI6NjAwMDAwMDAwMDAwLCJ1cGRhdGUiOjYwMDAwMDAwMDAwMH0sInNjaGVtYV92ZXJzaW9uIjoiMSJ9",
          "dependencies": [
            "google_project_service.required_apis",
            "module.network.google_artifact_registry_repository.docker_repo",
            "module.network.google_compute_global_address.private_ip_address",
            "module.network.google_compute_network.private_network",
            "module.network.google_compute_subnetwork.private_subnet",
            "module.network.google_service_networking_connection.private_vpc_connection",
            "module.network.google_vpc_access_connector.connector",
            "module.storage.google_sql_database_instance.db"
          ]
        }
      ]
    },
    {
      "module": "module.storage",
      "mode": "managed",
      "type": "null_resource",
      "name": "init_db_table",
      "provider": "provider[\"registry.terraform.io/hashicorp/null\"]",
      "instances": [
        {
          "schema_version": 0,
          "attributes": {
            "id": "7207731454342990960",
            "triggers": {
              "database_id": "projects/deploy-lab1-sample/instances/main-instance/databases/name_affiliation",
              "instance_id": "main-instance",
              "sql_file_hash": "91b79a83e4076c716b00f1c7f1054d5d"
            }
          },
          "sensitive_attributes": [],
          "identity_schema_version": 0,
          "dependencies": [
            "google_project_service.required_apis",
            "module.network.google_artifact_registry_repository.docker_repo",
            "module.network.google_compute_global_address.private_ip_address",
            "module.network.google_compute_network.private_network",
            "module.network.google_compute_subnetwork.private_subnet",
            "module.network.google_service_networking_connection.private_vpc_connection",
            "module.network.google_vpc_access_connector.connector",
            "module.storage.google_sql_database.database",
            "module.storage.google_sql_database_instance.db",
            "module.storage.google_sql_user.db_user"
          ]
        }
      ]
    }
  ],
  "check_results": null
}
